
Microsoft Visual Studio Solution File, Format Version 12.00
# Visual Studio Version 17
VisualStudioVersion = 17.0.32126.317
MinimumVisualStudioVersion = 10.0.40219.1
Project("{FAE04EC0-301F-11D3-BF4B-00C04F79EFBC}") = "CA3_s00220273", "CA3_s00220273.csproj", "{E2ECE334-BA14-4E78-97FB-FC43AEF87A5F}"
EndProject
Global
	GlobalSection(SolutionConfigurationPlatforms) = preSolution
		Debug|Any CPU = Debug|Any CPU
		Release|Any CPU = Release|Any CPU
	EndGlobalSection
	GlobalSection(ProjectConfigurationPlatforms) = postSolution
		{E2ECE334-BA14-4E78-97FB-FC43AEF87A5F}.Debug|Any CPU.ActiveCfg = Debug|Any CPU
		{E2ECE334-BA14-4E78-97FB-FC43AEF87A5F}.Debug|Any CPU.Build.0 = Debug|Any CPU
		{E2ECE334-BA14-4E78-97FB-FC43AEF87A5F}.Release|Any CPU.ActiveCfg = Release|Any CPU
		{E2ECE334-BA14-4E78-97FB-FC43AEF87A5F}.Release|Any CPU.Build.0 = Release|Any CPU
	EndGlobalSection
	GlobalSection(SolutionProperties) = preSolution
		HideSolutionNode = FALSE
	EndGlobalSection
	GlobalSection(ExtensibilityGlobals) = postSolution
		SolutionGuid = {E9CAA2EF-3B1E-40C2-896B-C6B504666226}
	EndGlobalSection
EndGlobal
